
Microsoft Visual Studio Solution File, Format Version 12.00
# Visual Studio 14
VisualStudioVersion = 14.0.23107.0
MinimumVisualStudioVersion = 10.0.40219.1
Project("{8BC9CEB8-8B4A-11D0-8D11-00A0C91BC942}") = "Exercicio 1", "Exercicio 1\Exercicio 1.vcxproj", "{952D288C-6B4E-48B0-A7DD-9229776E0D23}"
EndProject
Project("{8BC9CEB8-8B4A-11D0-8D11-00A0C91BC942}") = "Exercicio 2", "Exercicio 2\Exercicio 2.vcxproj", "{21ABC6F2-D9A0-494C-AF1C-498CA11882E3}"
EndProject
Project("{8BC9CEB8-8B4A-11D0-8D11-00A0C91BC942}") = "Exercicio 3", "Exercicio 3\Exercicio 3.vcxproj", "{C0EBF586-E125-4288-A0B0-6040A98BCAF8}"
EndProject
Global
	GlobalSection(SolutionConfigurationPlatforms) = preSolution
		Debug|x64 = Debug|x64
		Debug|x86 = Debug|x86
		Release|x64 = Release|x64
		Release|x86 = Release|x86
	EndGlobalSection
	GlobalSection(ProjectConfigurationPlatforms) = postSolution
		{952D288C-6B4E-48B0-A7DD-9229776E0D23}.Debug|x64.ActiveCfg = Debug|x64
		{952D288C-6B4E-48B0-A7DD-9229776E0D23}.Debug|x64.Build.0 = Debug|x64
		{952D288C-6B4E-48B0-A7DD-9229776E0D23}.Debug|x86.ActiveCfg = Debug|Win32
		{952D288C-6B4E-48B0-A7DD-9229776E0D23}.Debug|x86.Build.0 = Debug|Win32
		{952D288C-6B4E-48B0-A7DD-9229776E0D23}.Release|x64.ActiveCfg = Release|x64
		{952D288C-6B4E-48B0-A7DD-9229776E0D23}.Release|x64.Build.0 = Release|x64
		{952D288C-6B4E-48B0-A7DD-9229776E0D23}.Release|x86.ActiveCfg = Release|Win32
		{952D288C-6B4E-48B0-A7DD-9229776E0D23}.Release|x86.Build.0 = Release|Win32
		{21ABC6F2-D9A0-494C-AF1C-498CA11882E3}.Debug|x64.ActiveCfg = Debug|x64
		{21ABC6F2-D9A0-494C-AF1C-498CA11882E3}.Debug|x64.Build.0 = Debug|x64
		{21ABC6F2-D9A0-494C-AF1C-498CA11882E3}.Debug|x86.ActiveCfg = Debug|Win32
		{21ABC6F2-D9A0-494C-AF1C-498CA11882E3}.Debug|x86.Build.0 = Debug|Win32
		{21ABC6F2-D9A0-494C-AF1C-498CA11882E3}.Release|x64.ActiveCfg = Release|x64
		{21ABC6F2-D9A0-494C-AF1C-498CA11882E3}.Release|x64.Build.0 = Release|x64
		{21ABC6F2-D9A0-494C-AF1C-498CA11882E3}.Release|x86.ActiveCfg = Release|Win32
		{21ABC6F2-D9A0-494C-AF1C-498CA11882E3}.Release|x86.Build.0 = Release|Win32
		{C0EBF586-E125-4288-A0B0-6040A98BCAF8}.Debug|x64.ActiveCfg = Debug|x64
		{C0EBF586-E125-4288-A0B0-6040A98BCAF8}.Debug|x64.Build.0 = Debug|x64
		{C0EBF586-E125-4288-A0B0-6040A98BCAF8}.Debug|x86.ActiveCfg = Debug|Win32
		{C0EBF586-E125-4288-A0B0-6040A98BCAF8}.Debug|x86.Build.0 = Debug|Win32
		{C0EBF586-E125-4288-A0B0-6040A98BCAF8}.Release|x64.ActiveCfg = Release|x64
		{C0EBF586-E125-4288-A0B0-6040A98BCAF8}.Release|x64.Build.0 = Release|x64
		{C0EBF586-E125-4288-A0B0-6040A98BCAF8}.Release|x86.ActiveCfg = Release|Win32
		{C0EBF586-E125-4288-A0B0-6040A98BCAF8}.Release|x86.Build.0 = Release|Win32
	EndGlobalSection
	GlobalSection(SolutionProperties) = preSolution
		HideSolutionNode = FALSE
	EndGlobalSection
EndGlobal
