
Microsoft Visual Studio Solution File, Format Version 12.00
# Visual Studio 15
VisualStudioVersion = 15.0.27130.2036
MinimumVisualStudioVersion = 10.0.40219.1
Project("{8BC9CEB8-8B4A-11D0-8D11-00A0C91BC942}") = "AC1-M1", "AC1-M1\AC1-M1.vcxproj", "{D3ED6181-5FF8-4BF6-B284-59B4B8059BCC}"
EndProject
Project("{8BC9CEB8-8B4A-11D0-8D11-00A0C91BC942}") = "Pokemon", "AC2_M2\Pokemon\Pokemon2\Pokemon2.vcxproj", "{8A02B533-B601-4223-8AEB-4D7F599C94D3}"
EndProject
Project("{8BC9CEB8-8B4A-11D0-8D11-00A0C91BC942}") = "JogoDaVelha", "AC2-M1-Sem2\Jogo da Velha\Main\Main.vcxproj", "{3358B838-E14F-4492-866A-76DA0A1626BE}"
EndProject
Global
	GlobalSection(SolutionConfigurationPlatforms) = preSolution
		Debug|x64 = Debug|x64
		Debug|x86 = Debug|x86
		Release|x64 = Release|x64
		Release|x86 = Release|x86
	EndGlobalSection
	GlobalSection(ProjectConfigurationPlatforms) = postSolution
		{D3ED6181-5FF8-4BF6-B284-59B4B8059BCC}.Debug|x64.ActiveCfg = Debug|x64
		{D3ED6181-5FF8-4BF6-B284-59B4B8059BCC}.Debug|x64.Build.0 = Debug|x64
		{D3ED6181-5FF8-4BF6-B284-59B4B8059BCC}.Debug|x86.ActiveCfg = Debug|Win32
		{D3ED6181-5FF8-4BF6-B284-59B4B8059BCC}.Debug|x86.Build.0 = Debug|Win32
		{D3ED6181-5FF8-4BF6-B284-59B4B8059BCC}.Release|x64.ActiveCfg = Release|x64
		{D3ED6181-5FF8-4BF6-B284-59B4B8059BCC}.Release|x64.Build.0 = Release|x64
		{D3ED6181-5FF8-4BF6-B284-59B4B8059BCC}.Release|x86.ActiveCfg = Release|Win32
		{D3ED6181-5FF8-4BF6-B284-59B4B8059BCC}.Release|x86.Build.0 = Release|Win32
		{8A02B533-B601-4223-8AEB-4D7F599C94D3}.Debug|x64.ActiveCfg = Debug|x64
		{8A02B533-B601-4223-8AEB-4D7F599C94D3}.Debug|x64.Build.0 = Debug|x64
		{8A02B533-B601-4223-8AEB-4D7F599C94D3}.Debug|x86.ActiveCfg = Debug|Win32
		{8A02B533-B601-4223-8AEB-4D7F599C94D3}.Debug|x86.Build.0 = Debug|Win32
		{8A02B533-B601-4223-8AEB-4D7F599C94D3}.Release|x64.ActiveCfg = Release|x64
		{8A02B533-B601-4223-8AEB-4D7F599C94D3}.Release|x64.Build.0 = Release|x64
		{8A02B533-B601-4223-8AEB-4D7F599C94D3}.Release|x86.ActiveCfg = Release|Win32
		{8A02B533-B601-4223-8AEB-4D7F599C94D3}.Release|x86.Build.0 = Release|Win32
		{3358B838-E14F-4492-866A-76DA0A1626BE}.Debug|x64.ActiveCfg = Debug|x64
		{3358B838-E14F-4492-866A-76DA0A1626BE}.Debug|x64.Build.0 = Debug|x64
		{3358B838-E14F-4492-866A-76DA0A1626BE}.Debug|x86.ActiveCfg = Debug|Win32
		{3358B838-E14F-4492-866A-76DA0A1626BE}.Debug|x86.Build.0 = Debug|Win32
		{3358B838-E14F-4492-866A-76DA0A1626BE}.Release|x64.ActiveCfg = Release|x64
		{3358B838-E14F-4492-866A-76DA0A1626BE}.Release|x64.Build.0 = Release|x64
		{3358B838-E14F-4492-866A-76DA0A1626BE}.Release|x86.ActiveCfg = Release|Win32
		{3358B838-E14F-4492-866A-76DA0A1626BE}.Release|x86.Build.0 = Release|Win32
	EndGlobalSection
	GlobalSection(SolutionProperties) = preSolution
		HideSolutionNode = FALSE
	EndGlobalSection
	GlobalSection(ExtensibilityGlobals) = postSolution
		SolutionGuid = {60338A26-2D42-4503-BE4F-FB70479ECE83}
	EndGlobalSection
EndGlobal
