
Microsoft Visual Studio Solution File, Format Version 12.00
# Visual Studio 15
VisualStudioVersion = 15.0.26430.16
MinimumVisualStudioVersion = 10.0.40219.1
Project("{8BC9CEB8-8B4A-11D0-8D11-00A0C91BC942}") = "Exercicio_3-1", "Exercicio_3-1\Exercicio_3-1.vcxproj", "{2D61AC24-5A3C-428B-9838-93160A96611A}"
EndProject
Project("{8BC9CEB8-8B4A-11D0-8D11-00A0C91BC942}") = "Exercicio_3-2", "..\Exercicio_3-2\Exercicio_3-2\Exercicio_3-2.vcxproj", "{738ABBBA-0B0E-4638-AB0F-169979679019}"
EndProject
Project("{8BC9CEB8-8B4A-11D0-8D11-00A0C91BC942}") = "Exercicio_3-3", "..\Exercicio_3-3\Exercicio_3-3\Exercicio_3-3.vcxproj", "{BC8A0CC1-E200-408A-A5B9-36AFC38AFEAA}"
EndProject
Project("{8BC9CEB8-8B4A-11D0-8D11-00A0C91BC942}") = "Exercicio_3-4", "..\Exercicio_3-4\Exercicio_3-4\Exercicio_3-4.vcxproj", "{CD3AEA9F-7060-4F66-8504-307D5010610A}"
EndProject
Project("{8BC9CEB8-8B4A-11D0-8D11-00A0C91BC942}") = "Exercicio_3-5", "..\Exercicio_3-5\Exercicio_3-5\Exercicio_3-5.vcxproj", "{79CC7703-48CE-4D12-A6B5-0C3BF3334CC5}"
EndProject
Project("{8BC9CEB8-8B4A-11D0-8D11-00A0C91BC942}") = "Exercicio_3-6", "..\Exercicio_3-6\Exercicio_3-6\Exercicio_3-6.vcxproj", "{C7362286-8C83-4C45-8659-B60A670AB61A}"
EndProject
Global
	GlobalSection(SolutionConfigurationPlatforms) = preSolution
		Debug|x64 = Debug|x64
		Debug|x86 = Debug|x86
		Release|x64 = Release|x64
		Release|x86 = Release|x86
	EndGlobalSection
	GlobalSection(ProjectConfigurationPlatforms) = postSolution
		{2D61AC24-5A3C-428B-9838-93160A96611A}.Debug|x64.ActiveCfg = Debug|x64
		{2D61AC24-5A3C-428B-9838-93160A96611A}.Debug|x64.Build.0 = Debug|x64
		{2D61AC24-5A3C-428B-9838-93160A96611A}.Debug|x86.ActiveCfg = Debug|Win32
		{2D61AC24-5A3C-428B-9838-93160A96611A}.Debug|x86.Build.0 = Debug|Win32
		{2D61AC24-5A3C-428B-9838-93160A96611A}.Release|x64.ActiveCfg = Release|x64
		{2D61AC24-5A3C-428B-9838-93160A96611A}.Release|x64.Build.0 = Release|x64
		{2D61AC24-5A3C-428B-9838-93160A96611A}.Release|x86.ActiveCfg = Release|Win32
		{2D61AC24-5A3C-428B-9838-93160A96611A}.Release|x86.Build.0 = Release|Win32
		{738ABBBA-0B0E-4638-AB0F-169979679019}.Debug|x64.ActiveCfg = Debug|x64
		{738ABBBA-0B0E-4638-AB0F-169979679019}.Debug|x64.Build.0 = Debug|x64
		{738ABBBA-0B0E-4638-AB0F-169979679019}.Debug|x86.ActiveCfg = Debug|Win32
		{738ABBBA-0B0E-4638-AB0F-169979679019}.Debug|x86.Build.0 = Debug|Win32
		{738ABBBA-0B0E-4638-AB0F-169979679019}.Release|x64.ActiveCfg = Release|x64
		{738ABBBA-0B0E-4638-AB0F-169979679019}.Release|x64.Build.0 = Release|x64
		{738ABBBA-0B0E-4638-AB0F-169979679019}.Release|x86.ActiveCfg = Release|Win32
		{738ABBBA-0B0E-4638-AB0F-169979679019}.Release|x86.Build.0 = Release|Win32
		{BC8A0CC1-E200-408A-A5B9-36AFC38AFEAA}.Debug|x64.ActiveCfg = Debug|x64
		{BC8A0CC1-E200-408A-A5B9-36AFC38AFEAA}.Debug|x64.Build.0 = Debug|x64
		{BC8A0CC1-E200-408A-A5B9-36AFC38AFEAA}.Debug|x86.ActiveCfg = Debug|Win32
		{BC8A0CC1-E200-408A-A5B9-36AFC38AFEAA}.Debug|x86.Build.0 = Debug|Win32
		{BC8A0CC1-E200-408A-A5B9-36AFC38AFEAA}.Release|x64.ActiveCfg = Release|x64
		{BC8A0CC1-E200-408A-A5B9-36AFC38AFEAA}.Release|x64.Build.0 = Release|x64
		{BC8A0CC1-E200-408A-A5B9-36AFC38AFEAA}.Release|x86.ActiveCfg = Release|Win32
		{BC8A0CC1-E200-408A-A5B9-36AFC38AFEAA}.Release|x86.Build.0 = Release|Win32
		{CD3AEA9F-7060-4F66-8504-307D5010610A}.Debug|x64.ActiveCfg = Debug|x64
		{CD3AEA9F-7060-4F66-8504-307D5010610A}.Debug|x64.Build.0 = Debug|x64
		{CD3AEA9F-7060-4F66-8504-307D5010610A}.Debug|x86.ActiveCfg = Debug|Win32
		{CD3AEA9F-7060-4F66-8504-307D5010610A}.Debug|x86.Build.0 = Debug|Win32
		{CD3AEA9F-7060-4F66-8504-307D5010610A}.Release|x64.ActiveCfg = Release|x64
		{CD3AEA9F-7060-4F66-8504-307D5010610A}.Release|x64.Build.0 = Release|x64
		{CD3AEA9F-7060-4F66-8504-307D5010610A}.Release|x86.ActiveCfg = Release|Win32
		{CD3AEA9F-7060-4F66-8504-307D5010610A}.Release|x86.Build.0 = Release|Win32
		{79CC7703-48CE-4D12-A6B5-0C3BF3334CC5}.Debug|x64.ActiveCfg = Debug|x64
		{79CC7703-48CE-4D12-A6B5-0C3BF3334CC5}.Debug|x64.Build.0 = Debug|x64
		{79CC7703-48CE-4D12-A6B5-0C3BF3334CC5}.Debug|x86.ActiveCfg = Debug|Win32
		{79CC7703-48CE-4D12-A6B5-0C3BF3334CC5}.Debug|x86.Build.0 = Debug|Win32
		{79CC7703-48CE-4D12-A6B5-0C3BF3334CC5}.Release|x64.ActiveCfg = Release|x64
		{79CC7703-48CE-4D12-A6B5-0C3BF3334CC5}.Release|x64.Build.0 = Release|x64
		{79CC7703-48CE-4D12-A6B5-0C3BF3334CC5}.Release|x86.ActiveCfg = Release|Win32
		{79CC7703-48CE-4D12-A6B5-0C3BF3334CC5}.Release|x86.Build.0 = Release|Win32
		{C7362286-8C83-4C45-8659-B60A670AB61A}.Debug|x64.ActiveCfg = Debug|x64
		{C7362286-8C83-4C45-8659-B60A670AB61A}.Debug|x64.Build.0 = Debug|x64
		{C7362286-8C83-4C45-8659-B60A670AB61A}.Debug|x86.ActiveCfg = Debug|Win32
		{C7362286-8C83-4C45-8659-B60A670AB61A}.Debug|x86.Build.0 = Debug|Win32
		{C7362286-8C83-4C45-8659-B60A670AB61A}.Release|x64.ActiveCfg = Release|x64
		{C7362286-8C83-4C45-8659-B60A670AB61A}.Release|x64.Build.0 = Release|x64
		{C7362286-8C83-4C45-8659-B60A670AB61A}.Release|x86.ActiveCfg = Release|Win32
		{C7362286-8C83-4C45-8659-B60A670AB61A}.Release|x86.Build.0 = Release|Win32
	EndGlobalSection
	GlobalSection(SolutionProperties) = preSolution
		HideSolutionNode = FALSE
	EndGlobalSection
EndGlobal
