
Microsoft Visual Studio Solution File, Format Version 12.00
# Visual Studio 14
VisualStudioVersion = 14.0.23107.0
MinimumVisualStudioVersion = 10.0.40219.1
Project("{8BC9CEB8-8B4A-11D0-8D11-00A0C91BC942}") = "Exercicio_3-4", "Exercicio_3-4\Exercicio_3-4.vcxproj", "{CD3AEA9F-7060-4F66-8504-307D5010610A}"
EndProject
Global
	GlobalSection(SolutionConfigurationPlatforms) = preSolution
		Debug|x64 = Debug|x64
		Debug|x86 = Debug|x86
		Release|x64 = Release|x64
		Release|x86 = Release|x86
	EndGlobalSection
	GlobalSection(ProjectConfigurationPlatforms) = postSolution
		{CD3AEA9F-7060-4F66-8504-307D5010610A}.Debug|x64.ActiveCfg = Debug|x64
		{CD3AEA9F-7060-4F66-8504-307D5010610A}.Debug|x64.Build.0 = Debug|x64
		{CD3AEA9F-7060-4F66-8504-307D5010610A}.Debug|x86.ActiveCfg = Debug|Win32
		{CD3AEA9F-7060-4F66-8504-307D5010610A}.Debug|x86.Build.0 = Debug|Win32
		{CD3AEA9F-7060-4F66-8504-307D5010610A}.Release|x64.ActiveCfg = Release|x64
		{CD3AEA9F-7060-4F66-8504-307D5010610A}.Release|x64.Build.0 = Release|x64
		{CD3AEA9F-7060-4F66-8504-307D5010610A}.Release|x86.ActiveCfg = Release|Win32
		{CD3AEA9F-7060-4F66-8504-307D5010610A}.Release|x86.Build.0 = Release|Win32
	EndGlobalSection
	GlobalSection(SolutionProperties) = preSolution
		HideSolutionNode = FALSE
	EndGlobalSection
EndGlobal
